{
  "name": "@es-git/byo-fs-repo",
  "version": "0.1.0",
  "lockfileVersion": 2,
  "requires": true,
  "packages": {
    "": {
      "name": "@es-git/byo-fs-repo",
      "version": "0.1.0",
      "license": "MIT",
      "dependencies": {
        "@es-git/core": "^0.5.0"
      },
      "peerDependencies": {
        "@babel/runtime": "^7.12.5"
      }
    },
    "node_modules/@babel/runtime": {
      "version": "7.13.8",
      "resolved": "https://registry.npmjs.org/@babel/runtime/-/runtime-7.13.8.tgz",
      "integrity": "sha512-CwQljpw6qSayc0fRG1soxHAKs1CnQMOChm4mlQP6My0kf9upVGizj/KhlTTgyUnETmHpcUXjaluNAkteRFuafg==",
      "peer": true,
      "dependencies": {
        "regenerator-runtime": "^0.13.4"
      }
    },
    "node_modules/@babel/runtime/node_modules/regenerator-runtime": {
      "version": "0.13.7",
      "resolved": "https://registry.npmjs.org/regenerator-runtime/-/regenerator-runtime-0.13.7.tgz",
      "integrity": "sha512-a54FxoJDIr27pgf7IgeQGxmqUNYrcV338lf/6gH456HZ/PhX+5BcwHXG9ajESmwe6WRO0tAzRUrRmNONWgkrew==",
      "peer": true
    },
    "node_modules/@es-git/core": {
      "version": "0.5.0",
      "resolved": "https://registry.npmjs.org/@es-git/core/-/core-0.5.0.tgz",
      "integrity": "sha512-htMLir2YaUaVMXTDjkwQ19hMU/rAq5W3tHx+RTUtayNqs9kJMm7ir/XdfBSZvkp+lmkyByM8dWzsOcXvg+LJHw==",
      "dependencies": {
        "@es-git/mix": "^0.1.2",
        "text-encoding": "^0.6.4"
      },
      "peerDependencies": {
        "babel-runtime": "^6.22.0"
      }
    },
    "node_modules/@es-git/mix": {
      "version": "0.1.2",
      "resolved": "https://registry.npmjs.org/@es-git/mix/-/mix-0.1.2.tgz",
      "integrity": "sha512-RwfHp9mRBV5szvrg8kqX9dwon5+Nr2sE0CNgwL04ZoWigC+JUkMnwPy5NZtK/oMLYKT+3HY30nIXMnh8zXXH3g==",
      "peerDependencies": {
        "babel-runtime": "^6.22.0"
      }
    },
    "node_modules/babel-runtime": {
      "version": "6.26.0",
      "resolved": "https://registry.npmjs.org/babel-runtime/-/babel-runtime-6.26.0.tgz",
      "integrity": "sha1-llxwWGaOgrVde/4E/yM3vItWR/4=",
      "peer": true,
      "dependencies": {
        "core-js": "^2.4.0",
        "regenerator-runtime": "^0.11.0"
      }
    },
    "node_modules/core-js": {
      "version": "2.6.12",
      "resolved": "https://registry.npmjs.org/core-js/-/core-js-2.6.12.tgz",
      "integrity": "sha512-Kb2wC0fvsWfQrgk8HU5lW6U/Lcs8+9aaYcy4ZFc6DDlo4nZ7n70dEgE5rtR0oG6ufKDUnrwfWL1mXR5ljDatrQ==",
      "deprecated": "core-js@<3 is no longer maintained and not recommended for usage due to the number of issues. Please, upgrade your dependencies to the actual version of core-js@3.",
      "hasInstallScript": true,
      "peer": true
    },
    "node_modules/regenerator-runtime": {
      "version": "0.11.1",
      "resolved": "https://registry.npmjs.org/regenerator-runtime/-/regenerator-runtime-0.11.1.tgz",
      "integrity": "sha512-MguG95oij0fC3QV3URf4V2SDYGJhJnJGqvIIgdECeODCT98wSWDAJ94SSuVpYQUoTcGUIL6L4yNB7j1DFFHSBg==",
      "peer": true
    },
    "node_modules/text-encoding": {
      "version": "0.6.4",
      "resolved": "https://registry.npmjs.org/text-encoding/-/text-encoding-0.6.4.tgz",
      "integrity": "sha1-45mpgiV6J22uQou5KEXLcb3CbRk=",
      "deprecated": "no longer maintained"
    }
  },
  "dependencies": {
    "@babel/runtime": {
      "version": "7.13.8",
      "resolved": "https://registry.npmjs.org/@babel/runtime/-/runtime-7.13.8.tgz",
      "integrity": "sha512-CwQljpw6qSayc0fRG1soxHAKs1CnQMOChm4mlQP6My0kf9upVGizj/KhlTTgyUnETmHpcUXjaluNAkteRFuafg==",
      "peer": true,
      "requires": {
        "regenerator-runtime": "^0.13.4"
      },
      "dependencies": {
        "regenerator-runtime": {
          "version": "0.13.7",
          "resolved": "https://registry.npmjs.org/regenerator-runtime/-/regenerator-runtime-0.13.7.tgz",
          "integrity": "sha512-a54FxoJDIr27pgf7IgeQGxmqUNYrcV338lf/6gH456HZ/PhX+5BcwHXG9ajESmwe6WRO0tAzRUrRmNONWgkrew==",
          "peer": true
        }
      }
    },
    "@es-git/core": {
      "version": "0.5.0",
      "resolved": "https://registry.npmjs.org/@es-git/core/-/core-0.5.0.tgz",
      "integrity": "sha512-htMLir2YaUaVMXTDjkwQ19hMU/rAq5W3tHx+RTUtayNqs9kJMm7ir/XdfBSZvkp+lmkyByM8dWzsOcXvg+LJHw==",
      "requires": {
        "@es-git/mix": "^0.1.2",
        "text-encoding": "^0.6.4"
      }
    },
    "@es-git/mix": {
      "version": "0.1.2",
      "resolved": "https://registry.npmjs.org/@es-git/mix/-/mix-0.1.2.tgz",
      "integrity": "sha512-RwfHp9mRBV5szvrg8kqX9dwon5+Nr2sE0CNgwL04ZoWigC+JUkMnwPy5NZtK/oMLYKT+3HY30nIXMnh8zXXH3g==",
      "requires": {}
    },
    "babel-runtime": {
      "version": "6.26.0",
      "resolved": "https://registry.npmjs.org/babel-runtime/-/babel-runtime-6.26.0.tgz",
      "integrity": "sha1-llxwWGaOgrVde/4E/yM3vItWR/4=",
      "peer": true,
      "requires": {
        "core-js": "^2.4.0",
        "regenerator-runtime": "^0.11.0"
      }
    },
    "core-js": {
      "version": "2.6.12",
      "resolved": "https://registry.npmjs.org/core-js/-/core-js-2.6.12.tgz",
      "integrity": "sha512-Kb2wC0fvsWfQrgk8HU5lW6U/Lcs8+9aaYcy4ZFc6DDlo4nZ7n70dEgE5rtR0oG6ufKDUnrwfWL1mXR5ljDatrQ==",
      "peer": true
    },
    "regenerator-runtime": {
      "version": "0.11.1",
      "resolved": "https://registry.npmjs.org/regenerator-runtime/-/regenerator-runtime-0.11.1.tgz",
      "integrity": "sha512-MguG95oij0fC3QV3URf4V2SDYGJhJnJGqvIIgdECeODCT98wSWDAJ94SSuVpYQUoTcGUIL6L4yNB7j1DFFHSBg==",
      "peer": true
    },
    "text-encoding": {
      "version": "0.6.4",
      "resolved": "https://registry.npmjs.org/text-encoding/-/text-encoding-0.6.4.tgz",
      "integrity": "sha1-45mpgiV6J22uQou5KEXLcb3CbRk="
    }
  }
}
