{
	"name": "@es-git/example",
	"version": "0.10.0",
	"lockfileVersion": 2,
	"requires": true,
	"packages": {
		"": {
			"name": "@es-git/example",
			"version": "0.10.0",
			"license": "MIT",
			"dependencies": {
				"node-fetch": "^1.7.2"
			},
			"devDependencies": {
				"@types/node-fetch": "^1.6.7"
			},
			"peerDependencies": {
				"@babel/runtime": "^7.12.5"
			}
		},
		"node_modules/@babel/runtime": {
			"version": "7.13.8",
			"resolved": "https://registry.npmjs.org/@babel/runtime/-/runtime-7.13.8.tgz",
			"integrity": "sha512-CwQljpw6qSayc0fRG1soxHAKs1CnQMOChm4mlQP6My0kf9upVGizj/KhlTTgyUnETmHpcUXjaluNAkteRFuafg==",
			"peer": true,
			"dependencies": {
				"regenerator-runtime": "^0.13.4"
			}
		},
		"node_modules/@babel/runtime/node_modules/regenerator-runtime": {
			"version": "0.13.7",
			"resolved": "https://registry.npmjs.org/regenerator-runtime/-/regenerator-runtime-0.13.7.tgz",
			"integrity": "sha512-a54FxoJDIr27pgf7IgeQGxmqUNYrcV338lf/6gH456HZ/PhX+5BcwHXG9ajESmwe6WRO0tAzRUrRmNONWgkrew==",
			"peer": true
		},
		"node_modules/@types/node": {
			"version": "8.0.20",
			"resolved": "https://registry.npmjs.org/@types/node/-/node-8.0.20.tgz",
			"integrity": "sha512-MnB7YEpmLUyEWRVRhKpRs4swwqITnY8BcVFPoTuCl99SCplI/lLUiU5vcJ/OANDqwkpdIg0pDEM38K22KQT2RA==",
			"dev": true
		},
		"node_modules/@types/node-fetch": {
			"version": "1.6.7",
			"resolved": "https://registry.npmjs.org/@types/node-fetch/-/node-fetch-1.6.7.tgz",
			"integrity": "sha1-UhB46PDGmhWOUCIAWsqS0mIPbVc=",
			"dev": true,
			"dependencies": {
				"@types/node": "*"
			}
		},
		"node_modules/encoding": {
			"version": "0.1.12",
			"resolved": "https://registry.npmjs.org/encoding/-/encoding-0.1.12.tgz",
			"integrity": "sha1-U4tm8+5izRq1HsMjgp0flIDHS+s=",
			"dependencies": {
				"iconv-lite": "~0.4.13"
			}
		},
		"node_modules/iconv-lite": {
			"version": "0.4.18",
			"resolved": "https://registry.npmjs.org/iconv-lite/-/iconv-lite-0.4.18.tgz",
			"integrity": "sha512-sr1ZQph3UwHTR0XftSbK85OvBbxe/abLGzEnPENCQwmHf7sck8Oyu4ob3LgBxWWxRoM+QszeUyl7jbqapu2TqA==",
			"engines": {
				"node": ">=0.10.0"
			}
		},
		"node_modules/is-stream": {
			"version": "1.1.0",
			"resolved": "https://registry.npmjs.org/is-stream/-/is-stream-1.1.0.tgz",
			"integrity": "sha1-EtSj3U5o4Lec6428hBc66A2RykQ=",
			"engines": {
				"node": ">=0.10.0"
			}
		},
		"node_modules/node-fetch": {
			"version": "1.7.2",
			"resolved": "https://registry.npmjs.org/node-fetch/-/node-fetch-1.7.2.tgz",
			"integrity": "sha512-xZZUq2yDhKMIn/UgG5q//IZSNLJIwW2QxS14CNH5spuiXkITM2pUitjdq58yLSaU7m4M0wBNaM2Gh/ggY4YJig==",
			"dependencies": {
				"encoding": "^0.1.11",
				"is-stream": "^1.0.1"
			}
		}
	},
	"dependencies": {
		"@babel/runtime": {
			"version": "7.13.8",
			"resolved": "https://registry.npmjs.org/@babel/runtime/-/runtime-7.13.8.tgz",
			"integrity": "sha512-CwQljpw6qSayc0fRG1soxHAKs1CnQMOChm4mlQP6My0kf9upVGizj/KhlTTgyUnETmHpcUXjaluNAkteRFuafg==",
			"peer": true,
			"requires": {
				"regenerator-runtime": "^0.13.4"
			},
			"dependencies": {
				"regenerator-runtime": {
					"version": "0.13.7",
					"resolved": "https://registry.npmjs.org/regenerator-runtime/-/regenerator-runtime-0.13.7.tgz",
					"integrity": "sha512-a54FxoJDIr27pgf7IgeQGxmqUNYrcV338lf/6gH456HZ/PhX+5BcwHXG9ajESmwe6WRO0tAzRUrRmNONWgkrew==",
					"peer": true
				}
			}
		},
		"@types/node": {
			"version": "8.0.20",
			"resolved": "https://registry.npmjs.org/@types/node/-/node-8.0.20.tgz",
			"integrity": "sha512-MnB7YEpmLUyEWRVRhKpRs4swwqITnY8BcVFPoTuCl99SCplI/lLUiU5vcJ/OANDqwkpdIg0pDEM38K22KQT2RA==",
			"dev": true
		},
		"@types/node-fetch": {
			"version": "1.6.7",
			"resolved": "https://registry.npmjs.org/@types/node-fetch/-/node-fetch-1.6.7.tgz",
			"integrity": "sha1-UhB46PDGmhWOUCIAWsqS0mIPbVc=",
			"dev": true,
			"requires": {
				"@types/node": "*"
			}
		},
		"encoding": {
			"version": "0.1.12",
			"resolved": "https://registry.npmjs.org/encoding/-/encoding-0.1.12.tgz",
			"integrity": "sha1-U4tm8+5izRq1HsMjgp0flIDHS+s=",
			"requires": {
				"iconv-lite": "~0.4.13"
			}
		},
		"iconv-lite": {
			"version": "0.4.18",
			"resolved": "https://registry.npmjs.org/iconv-lite/-/iconv-lite-0.4.18.tgz",
			"integrity": "sha512-sr1ZQph3UwHTR0XftSbK85OvBbxe/abLGzEnPENCQwmHf7sck8Oyu4ob3LgBxWWxRoM+QszeUyl7jbqapu2TqA=="
		},
		"is-stream": {
			"version": "1.1.0",
			"resolved": "https://registry.npmjs.org/is-stream/-/is-stream-1.1.0.tgz",
			"integrity": "sha1-EtSj3U5o4Lec6428hBc66A2RykQ="
		},
		"node-fetch": {
			"version": "1.7.2",
			"resolved": "https://registry.npmjs.org/node-fetch/-/node-fetch-1.7.2.tgz",
			"integrity": "sha512-xZZUq2yDhKMIn/UgG5q//IZSNLJIwW2QxS14CNH5spuiXkITM2pUitjdq58yLSaU7m4M0wBNaM2Gh/ggY4YJig==",
			"requires": {
				"encoding": "^0.1.11",
				"is-stream": "^1.0.1"
			}
		}
	}
}
