{
  "name": "@es-git/http-transport",
  "version": "0.10.0",
  "lockfileVersion": 1,
  "requires": true,
  "dependencies": {
    "@es-git/core": {
      "version": "0.10.0",
      "resolved": "https://registry.npmjs.org/@es-git/core/-/core-0.10.0.tgz",
      "integrity": "sha512-evBpDnjrJXci6TmQvpnx/sTUHCQEVikOreWxmBe+HdFZA5mHHbam5uh5egOiLyCEmJtE4MDiV91UuC0rTC1OEA==",
      "requires": {
        "@es-git/mix": "^0.10.0",
        "text-encoding-utf-8": "^1.0.2"
      }
    },
    "@es-git/mix": {
      "version": "0.10.0",
      "resolved": "https://registry.npmjs.org/@es-git/mix/-/mix-0.10.0.tgz",
      "integrity": "sha512-306y/wg20d2V7i0k4HASvmn0W4O8JvI2X9Wx67VjEGs/xgFaeo7mnc3gG9GvXdLxv0QGQ1CYtveZF8QTYcS4jg=="
    },
    "@es-git/packfile": {
      "version": "0.10.0",
      "resolved": "https://registry.npmjs.org/@es-git/packfile/-/packfile-0.10.0.tgz",
      "integrity": "sha512-Sk4irbhKP32K5QGN/cykpvisNCWpzHIU1sF+SKBitzfL6qmpSzuIfFbw/AXtjQkkocWcb5W7NWHi7LeKo2RVpw==",
      "requires": {
        "@es-git/core": "^0.10.0",
        "pako": "^1.0.5"
      }
    },
    "@types/node": {
      "version": "10.0.8",
      "resolved": "https://registry.npmjs.org/@types/node/-/node-10.0.8.tgz",
      "integrity": "sha512-MFFKFv2X4iZy/NFl1m1E8uwE1CR96SGwJjgHma09PLtqOWoj3nqeJHMG+P/EuJGVLvC2I6MdQRQsr4TcRduIow==",
      "dev": true
    },
    "@types/node-fetch": {
      "version": "1.6.9",
      "resolved": "https://registry.npmjs.org/@types/node-fetch/-/node-fetch-1.6.9.tgz",
      "integrity": "sha512-n2r6WLoY7+uuPT7pnEtKJCmPUGyJ+cbyBR8Avnu4+m1nzz7DwBVuyIvvlBzCZ/nrpC7rIgb3D6pNavL7rFEa9g==",
      "dev": true,
      "requires": {
        "@types/node": "*"
      }
    },
    "node-fetch": {
      "version": "2.6.7",
      "resolved": "https://registry.npmjs.org/node-fetch/-/node-fetch-2.6.7.tgz",
      "integrity": "sha512-ZjMPFEfVx5j+y2yF35Kzx5sF7kDzxuDj6ziH4FFbOp87zKDZNx8yExJIb05OGF4Nlt9IHFIMBkRl41VdvcNdbQ==",
      "dev": true,
      "requires": {
        "whatwg-url": "^5.0.0"
      }
    },
    "pako": {
      "version": "1.0.11",
      "resolved": "https://registry.npmjs.org/pako/-/pako-1.0.11.tgz",
      "integrity": "sha512-4hLB8Py4zZce5s4yd9XzopqwVv/yGNhV1Bl8NTmCq1763HeK2+EwVTv+leGeL13Dnh2wfbqowVPXCIO0z4taYw=="
    },
    "text-encoding-utf-8": {
      "version": "1.0.2",
      "resolved": "https://registry.npmjs.org/text-encoding-utf-8/-/text-encoding-utf-8-1.0.2.tgz",
      "integrity": "sha512-8bw4MY9WjdsD2aMtO0OzOCY3pXGYNx2d2FfHRVUKkiCPDWjKuOlhLVASS+pD7VkLTVjW268LYJHwsnPFlBpbAg=="
    },
    "tr46": {
      "version": "0.0.3",
      "resolved": "https://registry.npmjs.org/tr46/-/tr46-0.0.3.tgz",
      "integrity": "sha512-N3WMsuqV66lT30CrXNbEjx4GEwlow3v6rr4mCcv6prnfwhS01rkgyFdjPNBYd9br7LpXV1+Emh01fHnq2Gdgrw==",
      "dev": true
    },
    "webidl-conversions": {
      "version": "3.0.1",
      "resolved": "https://registry.npmjs.org/webidl-conversions/-/webidl-conversions-3.0.1.tgz",
      "integrity": "sha512-2JAn3z8AR6rjK8Sm8orRC0h/bcl/DqL7tRPdGZ4I1CjdF+EaMLmYxBHyXuKL849eucPFhvBoxMsflfOb8kxaeQ==",
      "dev": true
    },
    "whatwg-url": {
      "version": "5.0.0",
      "resolved": "https://registry.npmjs.org/whatwg-url/-/whatwg-url-5.0.0.tgz",
      "integrity": "sha512-saE57nupxk6v3HY35+jzBwYa0rKSy0XR8JSxZPwgLr7ys0IBzhGviA1/TUGJLmSVqs8pb9AnvICXEuOHLprYTw==",
      "dev": true,
      "requires": {
        "tr46": "~0.0.3",
        "webidl-conversions": "^3.0.0"
      }
    }
  }
}
