{
  "name": "@es-git/http-transport",
  "version": "0.10.0",
  "lockfileVersion": 1,
  "requires": true,
  "dependencies": {
    "@es-git/core": {
      "version": "0.10.0",
      "resolved": "https://registry.npmjs.org/@es-git/core/-/core-0.10.0.tgz",
      "integrity": "sha512-evBpDnjrJXci6TmQvpnx/sTUHCQEVikOreWxmBe+HdFZA5mHHbam5uh5egOiLyCEmJtE4MDiV91UuC0rTC1OEA==",
      "requires": {
        "@es-git/mix": "^0.10.0",
        "text-encoding-utf-8": "^1.0.2"
      }
    },
    "@es-git/mix": {
      "version": "0.10.0",
      "resolved": "https://registry.npmjs.org/@es-git/mix/-/mix-0.10.0.tgz",
      "integrity": "sha512-306y/wg20d2V7i0k4HASvmn0W4O8JvI2X9Wx67VjEGs/xgFaeo7mnc3gG9GvXdLxv0QGQ1CYtveZF8QTYcS4jg=="
    },
    "@es-git/packfile": {
      "version": "0.10.0",
      "resolved": "https://registry.npmjs.org/@es-git/packfile/-/packfile-0.10.0.tgz",
      "integrity": "sha512-Sk4irbhKP32K5QGN/cykpvisNCWpzHIU1sF+SKBitzfL6qmpSzuIfFbw/AXtjQkkocWcb5W7NWHi7LeKo2RVpw==",
      "requires": {
        "@es-git/core": "^0.10.0",
        "pako": "^1.0.5"
      }
    },
    "@types/node": {
      "version": "10.0.8",
      "resolved": "https://registry.npmjs.org/@types/node/-/node-10.0.8.tgz",
      "integrity": "sha512-MFFKFv2X4iZy/NFl1m1E8uwE1CR96SGwJjgHma09PLtqOWoj3nqeJHMG+P/EuJGVLvC2I6MdQRQsr4TcRduIow==",
      "dev": true
    },
    "@types/node-fetch": {
      "version": "1.6.9",
      "resolved": "https://registry.npmjs.org/@types/node-fetch/-/node-fetch-1.6.9.tgz",
      "integrity": "sha512-n2r6WLoY7+uuPT7pnEtKJCmPUGyJ+cbyBR8Avnu4+m1nzz7DwBVuyIvvlBzCZ/nrpC7rIgb3D6pNavL7rFEa9g==",
      "dev": true,
      "requires": {
        "@types/node": "*"
      }
    },
    "data-uri-to-buffer": {
      "version": "4.0.0",
      "resolved": "https://registry.npmjs.org/data-uri-to-buffer/-/data-uri-to-buffer-4.0.0.tgz",
      "integrity": "sha512-Vr3mLBA8qWmcuschSLAOogKgQ/Jwxulv3RNE4FXnYWRGujzrRWQI4m12fQqRkwX06C0KanhLr4hK+GydchZsaA==",
      "dev": true
    },
    "fetch-blob": {
      "version": "3.1.4",
      "resolved": "https://registry.npmjs.org/fetch-blob/-/fetch-blob-3.1.4.tgz",
      "integrity": "sha512-Eq5Xv5+VlSrYWEqKrusxY1C3Hm/hjeAsCGVG3ft7pZahlUAChpGZT/Ms1WmSLnEAisEXszjzu/s+ce6HZB2VHA==",
      "dev": true,
      "requires": {
        "node-domexception": "^1.0.0",
        "web-streams-polyfill": "^3.0.3"
      }
    },
    "formdata-polyfill": {
      "version": "4.0.10",
      "resolved": "https://registry.npmjs.org/formdata-polyfill/-/formdata-polyfill-4.0.10.tgz",
      "integrity": "sha512-buewHzMvYL29jdeQTVILecSaZKnt/RJWjoZCF5OW60Z67/GmSLBkOFM7qh1PI3zFNtJbaZL5eQu1vLfazOwj4g==",
      "dev": true,
      "requires": {
        "fetch-blob": "^3.1.2"
      }
    },
    "node-domexception": {
      "version": "1.0.0",
      "resolved": "https://registry.npmjs.org/node-domexception/-/node-domexception-1.0.0.tgz",
      "integrity": "sha512-/jKZoMpw0F8GRwl4/eLROPA3cfcXtLApP0QzLmUT/HuPCZWyB7IY9ZrMeKw2O/nFIqPQB3PVM9aYm0F312AXDQ==",
      "dev": true
    },
    "node-fetch": {
      "version": "3.1.1",
      "resolved": "https://registry.npmjs.org/node-fetch/-/node-fetch-3.1.1.tgz",
      "integrity": "sha512-SMk+vKgU77PYotRdWzqZGTZeuFKlsJ0hu4KPviQKkfY+N3vn2MIzr0rvpnYpR8MtB3IEuhlEcuOLbGvLRlA+yg==",
      "dev": true,
      "requires": {
        "data-uri-to-buffer": "^4.0.0",
        "fetch-blob": "^3.1.3",
        "formdata-polyfill": "^4.0.10"
      }
    },
    "pako": {
      "version": "1.0.11",
      "resolved": "https://registry.npmjs.org/pako/-/pako-1.0.11.tgz",
      "integrity": "sha512-4hLB8Py4zZce5s4yd9XzopqwVv/yGNhV1Bl8NTmCq1763HeK2+EwVTv+leGeL13Dnh2wfbqowVPXCIO0z4taYw=="
    },
    "text-encoding-utf-8": {
      "version": "1.0.2",
      "resolved": "https://registry.npmjs.org/text-encoding-utf-8/-/text-encoding-utf-8-1.0.2.tgz",
      "integrity": "sha512-8bw4MY9WjdsD2aMtO0OzOCY3pXGYNx2d2FfHRVUKkiCPDWjKuOlhLVASS+pD7VkLTVjW268LYJHwsnPFlBpbAg=="
    },
    "web-streams-polyfill": {
      "version": "3.2.0",
      "resolved": "https://registry.npmjs.org/web-streams-polyfill/-/web-streams-polyfill-3.2.0.tgz",
      "integrity": "sha512-EqPmREeOzttaLRm5HS7io98goBgZ7IVz79aDvqjD0kYXLtFZTc0T/U6wHTPKyIjb+MdN7DFIIX6hgdBEpWmfPA==",
      "dev": true
    }
  }
}
