{
  "name": "@es-git/object-mixin",
  "version": "1.0.0",
  "lockfileVersion": 1,
  "requires": true,
  "dependencies": {
    "git-sha1": {
      "version": "0.1.2",
      "resolved": "https://registry.npmjs.org/git-sha1/-/git-sha1-0.1.2.tgz",
      "integrity": "sha1-WZrBkrcYdYJeE6RF86bgURjC90U="
    },
    "text-encoding": {
      "version": "0.6.4",
      "resolved": "https://registry.npmjs.org/text-encoding/-/text-encoding-0.6.4.tgz",
      "integrity": "sha1-45mpgiV6J22uQou5KEXLcb3CbRk="
    }
  }
}
