{
  "name": "@es-git/object-mixin",
  "version": "0.8.2",
  "lockfileVersion": 1,
  "requires": true,
  "dependencies": {
    "@es-git/core": {
      "version": "0.8.2",
      "resolved": "https://registry.npmjs.org/@es-git/core/-/core-0.8.2.tgz",
      "integrity": "sha512-NEyS/GID9E1/4Ct/vmVZCXwblmX5KMoCYr6rgR+WcwegKhUAZ3foAQCDjVUHWT9Uh+icOKc6/QPsKzBRlTSXbQ==",
      "requires": {
        "@es-git/mix": "0.1.2",
        "text-encoding": "0.6.4"
      }
    },
    "@es-git/mix": {
      "version": "0.1.2",
      "resolved": "https://registry.npmjs.org/@es-git/mix/-/mix-0.1.2.tgz",
      "integrity": "sha512-RwfHp9mRBV5szvrg8kqX9dwon5+Nr2sE0CNgwL04ZoWigC+JUkMnwPy5NZtK/oMLYKT+3HY30nIXMnh8zXXH3g=="
    },
    "text-encoding": {
      "version": "0.6.4",
      "resolved": "https://registry.npmjs.org/text-encoding/-/text-encoding-0.6.4.tgz",
      "integrity": "sha1-45mpgiV6J22uQou5KEXLcb3CbRk="
    }
  }
}
