{
	"name": "@es-git/packfile",
	"version": "0.10.0",
	"lockfileVersion": 2,
	"requires": true,
	"packages": {
		"": {
			"name": "@es-git/packfile",
			"version": "0.10.0",
			"license": "MIT",
			"dependencies": {
				"pako": "^1.0.5"
			},
			"peerDependencies": {
				"@babel/runtime": "^7.12.5"
			}
		},
		"node_modules/@babel/runtime": {
			"version": "7.13.8",
			"resolved": "https://registry.npmjs.org/@babel/runtime/-/runtime-7.13.8.tgz",
			"integrity": "sha512-CwQljpw6qSayc0fRG1soxHAKs1CnQMOChm4mlQP6My0kf9upVGizj/KhlTTgyUnETmHpcUXjaluNAkteRFuafg==",
			"peer": true,
			"dependencies": {
				"regenerator-runtime": "^0.13.4"
			}
		},
		"node_modules/@babel/runtime/node_modules/regenerator-runtime": {
			"version": "0.13.7",
			"resolved": "https://registry.npmjs.org/regenerator-runtime/-/regenerator-runtime-0.13.7.tgz",
			"integrity": "sha512-a54FxoJDIr27pgf7IgeQGxmqUNYrcV338lf/6gH456HZ/PhX+5BcwHXG9ajESmwe6WRO0tAzRUrRmNONWgkrew==",
			"peer": true
		},
		"node_modules/pako": {
			"version": "1.0.5",
			"resolved": "https://registry.npmjs.org/pako/-/pako-1.0.5.tgz",
			"integrity": "sha1-0iBd/ludqK95fnwWPbTR+E5GALw="
		}
	},
	"dependencies": {
		"@babel/runtime": {
			"version": "7.13.8",
			"resolved": "https://registry.npmjs.org/@babel/runtime/-/runtime-7.13.8.tgz",
			"integrity": "sha512-CwQljpw6qSayc0fRG1soxHAKs1CnQMOChm4mlQP6My0kf9upVGizj/KhlTTgyUnETmHpcUXjaluNAkteRFuafg==",
			"peer": true,
			"requires": {
				"regenerator-runtime": "^0.13.4"
			},
			"dependencies": {
				"regenerator-runtime": {
					"version": "0.13.7",
					"resolved": "https://registry.npmjs.org/regenerator-runtime/-/regenerator-runtime-0.13.7.tgz",
					"integrity": "sha512-a54FxoJDIr27pgf7IgeQGxmqUNYrcV338lf/6gH456HZ/PhX+5BcwHXG9ajESmwe6WRO0tAzRUrRmNONWgkrew==",
					"peer": true
				}
			}
		},
		"pako": {
			"version": "1.0.5",
			"resolved": "https://registry.npmjs.org/pako/-/pako-1.0.5.tgz",
			"integrity": "sha1-0iBd/ludqK95fnwWPbTR+E5GALw="
		}
	}
}
