{
  "name": "@es-git/packfile",
  "version": "0.0.1",
  "lockfileVersion": 1,
  "requires": true,
  "dependencies": {
    "@es-git/core": {
      "version": "0.0.1",
      "dependencies": {
        "git-sha1": {
          "version": "0.1.2",
          "bundled": true
        }
      }
    },
    "git-sha1": {
      "version": "0.1.2",
      "resolved": "https://registry.npmjs.org/git-sha1/-/git-sha1-0.1.2.tgz",
      "integrity": "sha1-WZrBkrcYdYJeE6RF86bgURjC90U="
    },
    "pako": {
      "version": "1.0.5",
      "resolved": "https://registry.npmjs.org/pako/-/pako-1.0.5.tgz",
      "integrity": "sha1-0iBd/ludqK95fnwWPbTR+E5GALw="
    },
    "text-encoding": {
      "version": "0.6.4",
      "resolved": "https://registry.npmjs.org/text-encoding/-/text-encoding-0.6.4.tgz",
      "integrity": "sha1-45mpgiV6J22uQou5KEXLcb3CbRk="
    }
  }
}
