{
	"name": "@es-git/checkout-mixin",
	"version": "0.10.0",
	"lockfileVersion": 1,
	"requires": true,
	"dependencies": {
		"@es-git/core": {
			"version": "0.0.1",
			"resolved": "https://registry.npmjs.org/@es-git/core/-/core-0.0.1.tgz",
			"integrity": "sha512-mHeXUqKVZxPxYbK540Yi9msb/g94VnZ91eZ91SNRrekJ4OByV57g83vjwphqW0KBQAq0OgtRS9JQOeJFjRU4Lg=="
		},
		"@es-git/object-mixin": {
			"version": "0.0.5",
			"resolved": "https://registry.npmjs.org/@es-git/object-mixin/-/object-mixin-0.0.5.tgz",
			"integrity": "sha512-meJgm8UImD3oHZAMVTfA/M3aZqztbrUtPBKb5aaukqP44WpzNFQ+raR0zMaDGt/p6TK5oNgvNAZoIf/ccjafVg==",
			"requires": {
				"@es-git/core": "0.0.1",
				"git-sha1": "0.1.2",
				"text-encoding": "0.6.4"
			},
			"dependencies": {
				"git-sha1": {
					"version": "0.1.2",
					"resolved": "https://registry.npmjs.org/git-sha1/-/git-sha1-0.1.2.tgz",
					"integrity": "sha1-WZrBkrcYdYJeE6RF86bgURjC90U="
				}
			}
		},
		"@es-git/walkers-mixin": {
			"version": "0.0.5",
			"resolved": "https://registry.npmjs.org/@es-git/walkers-mixin/-/walkers-mixin-0.0.5.tgz",
			"integrity": "sha512-eF/1nNRcm15f2Glqb0ziGxQGqPznj92TXxAvm2VVTFl1TPoORn0j3FIyfSyMJ65qw3aqGhS5wLYw7Ls+pDrnGg==",
			"requires": {
				"@es-git/core": "0.0.1",
				"@es-git/object-mixin": "0.0.5"
			}
		},
		"text-encoding": {
			"version": "0.6.4",
			"resolved": "https://registry.npmjs.org/text-encoding/-/text-encoding-0.6.4.tgz",
			"integrity": "sha1-45mpgiV6J22uQou5KEXLcb3CbRk="
		}
	}
}
