{
  "name": "@es-git/walkers-mixin",
  "version": "1.0.0",
  "lockfileVersion": 1,
  "requires": true,
  "dependencies": {
    "@es-git/core": {
      "version": "1.0.0",
      "dependencies": {
        "git-sha1": {
          "version": "0.1.2",
          "bundled": true
        }
      }
    },
    "@es-git/object-mixin": {
      "version": "1.0.0",
      "requires": {
        "@es-git/core": "1.0.0",
        "git-sha1": "0.1.2",
        "text-encoding": "0.6.4"
      },
      "dependencies": {
        "@es-git/core": {
          "version": "1.0.0",
          "bundled": true,
          "dependencies": {
            "git-sha1": {
              "version": "0.1.2",
              "bundled": true
            }
          }
        },
        "git-sha1": {
          "version": "0.1.2",
          "bundled": true
        },
        "text-encoding": {
          "version": "0.6.4",
          "bundled": true
        }
      }
    }
  }
}
