{
	"requires": true,
	"lockfileVersion": 1,
	"dependencies": {
		"@es-git/core": {
			"version": "0.0.1",
			"requires": {
				"text-encoding": "0.6.4"
			},
			"dependencies": {
				"text-encoding": {
					"version": "0.6.4",
					"bundled": true
				}
			}
		},
		"@es-git/object-mixin": {
			"version": "0.0.1",
			"resolved": "https://registry.npmjs.org/@es-git/object-mixin/-/object-mixin-0.0.1.tgz",
			"integrity": "sha512-K36nAawQLSPcGrvJfvVyvpwGxerPX+xkd2eOyp4h78BTpPQtuPOZjEk4wM0/ARDpyC+rOOjAjM2tXS3HZHa/4A==",
			"requires": {
				"@es-git/core": "0.0.1",
				"git-sha1": "0.1.2",
				"text-encoding": "0.6.4"
			}
		},
		"@es-git/walkers-mixin": {
			"version": "0.0.1",
			"resolved": "https://registry.npmjs.org/@es-git/walkers-mixin/-/walkers-mixin-0.0.1.tgz",
			"integrity": "sha512-B1OJmyf+/droWPdNq5fVOTCdVJIaq5JSdaEy1XEaw8/pBgqitsZ6e8PC1778usKHrsUSp+ZA2ihOxsu1IQrK8A==",
			"requires": {
				"@es-git/core": "0.0.1",
				"@es-git/object-mixin": "0.0.1"
			}
		},
		"git-sha1": {
			"version": "0.1.2",
			"resolved": "https://registry.npmjs.org/git-sha1/-/git-sha1-0.1.2.tgz",
			"integrity": "sha1-WZrBkrcYdYJeE6RF86bgURjC90U="
		},
		"text-encoding": {
			"version": "0.6.4",
			"resolved": "https://registry.npmjs.org/text-encoding/-/text-encoding-0.6.4.tgz",
			"integrity": "sha1-45mpgiV6J22uQou5KEXLcb3CbRk="
		}
	},
	"version": "0.10.0"
}
